[?1049h[22;0;0t[22;0;0t[?1h=[H[2J]11;?[?2004h[?25h[?25l(B[m[H[2J[?1002h[?1006h]112[1 q]112[1 q[K
[K
[K
[K
[K
[K
[K
[K
[K
[K
[K
[K
[K
[K
[K
[K
[K
[K
[K
[K
[K
[K
[K
[J[H[?25h[?25l[22Bdefault[K
[J[?1004h]12;#d0d0d0[1 q[38;2;208;208;208m[48;2;21;21;21m[H[K
[K
[K
[K
[K
[K
[K
[K
[K
[K
[K
[K
[K
[K
[K
[K
[K
[K
[K
[K
[K
[K
default[K
[J[23;8H]12;#d0d0d0[1 q[?25h[?25l[H(B[0;1m[38;2;176;176;176m[48;2;32;32;32m1   (B[0;1;4m[38;2;80;80;80m[48;2;21;21;21m¬(B[0;4m[38;2;208;208;208m[48;2;21;21;21m                                                                           
(B[0;1m[38;2;80;80;80m[48;2;21;21;21m~[K
~[K
~[K
~[K
~[K
~[K
~[K
~[K
~[K
~[K
~[K
~[K
~[K
~[K
~[K
~[K
~[K
~[K
~[K
~[K[23;8H[?25h[?25l[A(B[m[38;2;40;44;52m[48;2;152;195;121m<(B[m[38;2;152;195;121m[48;2;62;68;82m▓▒░(B[m[38;2;171;178;191m[48;2;62;68;82m master (B[m[38;2;62;68;82m[48;2;40;44;52m▓▒░(B[m[38;2;171;178;191m[48;2;40;44;52m  ▒ assets/package-lock.json- (B[m[38;2;40;44;52m[48;2;40;44;52m▓▒░░▒▓░▒▓(B[m[38;2;171;178;191m[48;2;40;44;52m   (B[m[38;2;62;68;82m[48;2;40;44;52m░▒▓(B[m[38;2;171;178;191m[48;2;62;68;82m   0:1  (B[m[38;2;152;195;121m[48;2;62;68;82m░▒▓(B[m[38;2;40;44;52m[48;2;152;195;121m 100% [23;8H[?25h[?25l]0;package-lock.json- (assets) - NVIM[?25h[?25l[1;5H[?25h