%{
  "briefly": {:hex, :briefly, "0.3.0", "16e6b76d2070ebc9cbd025fa85cf5dbaf52368c4bd896fb482b5a6b95a540c2f", [:mix], [], "hexpm"},
  "certifi": {:hex, :certifi, "2.4.2", "75424ff0f3baaccfd34b1214184b6ef616d89e420b258bb0a5ea7d7bc628f7f0", [:rebar3], [{:parse_trans, "~>3.3", [hex: :parse_trans, repo: "hexpm", optional: false]}], "hexpm"},
  "combine": {:hex, :combine, "0.10.0", "eff8224eeb56498a2af13011d142c5e7997a80c8f5b97c499f84c841032e429f", [:mix], [], "hexpm"},
  "connection": {:hex, :connection, "1.0.4", "a1cae72211f0eef17705aaededacac3eb30e6625b04a6117c1b2db6ace7d5976", [:mix], [], "hexpm"},
  "crontab": {:hex, :crontab, "1.1.7", "b9219f0bdc8678b94143655a8f229716c5810c0636a4489f98c0956137e53985", [:mix], [{:ecto, "~> 1.0 or ~> 2.0 or ~> 3.0", [hex: :ecto, repo: "hexpm", optional: true]}], "hexpm"},
  "db_connection": {:hex, :db_connection, "2.1.1", "a51e8a2ee54ef2ae6ec41a668c85787ed40cb8944928c191280fe34c15b76ae5", [:mix], [{:connection, "~> 1.0.2", [hex: :connection, repo: "hexpm", optional: false]}], "hexpm"},
  "decimal": {:hex, :decimal, "1.8.0", "ca462e0d885f09a1c5a342dbd7c1dcf27ea63548c65a65e67334f4b61803822e", [:mix], [], "hexpm"},
  "ecto": {:hex, :ecto, "3.1.7", "fa21d06ef56cdc2fdaa62574e8c3ba34a2751d44ea34c30bc65f0728421043e5", [:mix], [{:decimal, "~> 1.6", [hex: :decimal, repo: "hexpm", optional: false]}, {:jason, "~> 1.0", [hex: :jason, repo: "hexpm", optional: true]}], "hexpm"},
  "ecto_sql": {:hex, :ecto_sql, "3.1.6", "1e80e30d16138a729c717f73dcb938590bcdb3a4502f3012414d0cbb261045d8", [:mix], [{:db_connection, "~> 2.0", [hex: :db_connection, repo: "hexpm", optional: false]}, {:ecto, "~> 3.1.0", [hex: :ecto, repo: "hexpm", optional: false]}, {:mariaex, "~> 0.9.1", [hex: :mariaex, repo: "hexpm", optional: true]}, {:myxql, "~> 0.2.0", [hex: :myxql, repo: "hexpm", optional: true]}, {:postgrex, "~> 0.14.0 or ~> 0.15.0", [hex: :postgrex, repo: "hexpm", optional: true]}, {:telemetry, "~> 0.4.0", [hex: :telemetry, repo: "hexpm", optional: false]}], "hexpm"},
  "emojix": {:hex, :emojix, "0.1.2", "de43435f5fd44f7b7aaa27079c791b6c352e6e8e64cf409e9d899a42d667edd2", [:mix], [{:poison, "~> 3.0", [hex: :poison, repo: "hexpm", optional: false]}], "hexpm"},
  "ex_gram": {:hex, :ex_gram, "0.6.0", "e8207030dc009d3273b30386f4b034692198c27289766a9f22452e319c9fb551", [:mix], [{:hackney, "~> 1.12", [hex: :hackney, repo: "hexpm", optional: false]}, {:jason, ">= 1.0.0", [hex: :jason, repo: "hexpm", optional: true]}, {:maxwell, "~> 2.2.1", [hex: :maxwell, repo: "hexpm", optional: false]}, {:poison, ">= 1.0.0", [hex: :poison, repo: "hexpm", optional: true]}], "hexpm"},
  "gen_stage": {:hex, :gen_stage, "0.14.2", "6a2a578a510c5bfca8a45e6b27552f613b41cf584b58210f017088d3d17d0b14", [:mix], [], "hexpm"},
  "gen_state_machine": {:hex, :gen_state_machine, "2.0.5", "9ac15ec6e66acac994cc442dcc2c6f9796cf380ec4b08267223014be1c728a95", [:mix], [], "hexpm"},
  "gettext": {:hex, :gettext, "0.17.0", "abe21542c831887a2b16f4c94556db9c421ab301aee417b7c4fbde7fbdbe01ec", [:mix], [], "hexpm"},
  "hackney": {:hex, :hackney, "1.15.0", "287a5d2304d516f63e56c469511c42b016423bcb167e61b611f6bad47e3ca60e", [:rebar3], [{:certifi, "2.4.2", [hex: :certifi, repo: "hexpm", optional: false]}, {:idna, "6.0.0", [hex: :idna, repo: "hexpm", optional: false]}, {:metrics, "1.0.1", [hex: :metrics, repo: "hexpm", optional: false]}, {:mimerl, "1.0.2", [hex: :mimerl, repo: "hexpm", optional: false]}, {:ssl_verify_fun, "1.1.4", [hex: :ssl_verify_fun, repo: "hexpm", optional: false]}], "hexpm"},
  "idna": {:hex, :idna, "6.0.0", "689c46cbcdf3524c44d5f3dde8001f364cd7608a99556d8fbd8239a5798d4c10", [:rebar3], [{:unicode_util_compat, "0.4.1", [hex: :unicode_util_compat, repo: "hexpm", optional: false]}], "hexpm"},
  "jason": {:hex, :jason, "1.1.2", "b03dedea67a99223a2eaf9f1264ce37154564de899fd3d8b9a21b1a6fd64afe7", [:mix], [{:decimal, "~> 1.0", [hex: :decimal, repo: "hexpm", optional: true]}], "hexpm"},
  "libring": {:hex, :libring, "1.4.0", "41246ba2f3fbc76b3971f6bce83119dfec1eee17e977a48d8a9cfaaf58c2a8d6", [:mix], [], "hexpm"},
  "maxwell": {:hex, :maxwell, "2.2.3", "79d6a0e40bf01813b2787d02521f6dd9d06a1c3e364a6160f2bfe32eae46e95a", [:mix], [{:fuse, "~> 2.4", [hex: :fuse, repo: "hexpm", optional: true]}, {:hackney, "~> 1.6", [hex: :hackney, repo: "hexpm", optional: true]}, {:ibrowse, "~> 4.2", [hex: :ibrowse, repo: "hexpm", optional: true]}, {:mimerl, "~> 1.0.2", [hex: :mimerl, repo: "hexpm", optional: false]}, {:poison, "~> 2.1 or ~> 3.0", [hex: :poison, repo: "hexpm", optional: true]}], "hexpm"},
  "metrics": {:hex, :metrics, "1.0.1", "25f094dea2cda98213cecc3aeff09e940299d950904393b2a29d191c346a8486", [:rebar3], [], "hexpm"},
  "mimerl": {:hex, :mimerl, "1.0.2", "993f9b0e084083405ed8252b99460c4f0563e41729ab42d9074fd5e52439be88", [:rebar3], [], "hexpm"},
  "pane": {:hex, :pane, "0.3.0", "7b028e2aa8f004b62a965de983d824ad20d94f3c9c82b2bb4a9cdcebeb9e7060", [:mix], [], "hexpm"},
  "parse_trans": {:hex, :parse_trans, "3.3.0", "09765507a3c7590a784615cfd421d101aec25098d50b89d7aa1d66646bc571c1", [:rebar3], [], "hexpm"},
  "poison": {:hex, :poison, "3.1.0", "d9eb636610e096f86f25d9a46f35a9facac35609a7591b3be3326e99a0484665", [:mix], [], "hexpm"},
  "postgrex": {:hex, :postgrex, "0.15.0", "dd5349161019caeea93efa42f9b22f9d79995c3a86bdffb796427b4c9863b0f0", [:mix], [{:connection, "~> 1.0", [hex: :connection, repo: "hexpm", optional: false]}, {:db_connection, "~> 2.1", [hex: :db_connection, repo: "hexpm", optional: false]}, {:decimal, "~> 1.5", [hex: :decimal, repo: "hexpm", optional: false]}, {:jason, "~> 1.0", [hex: :jason, repo: "hexpm", optional: true]}], "hexpm"},
  "puppeteer_pdf": {:hex, :puppeteer_pdf, "1.0.3", "e76e78078653351695f6340312659d003b6e6f459746cfd63ce9749e31e5620c", [:mix], [{:briefly, "~> 0.3", [hex: :briefly, repo: "hexpm", optional: false]}], "hexpm"},
  "quantum": {:hex, :quantum, "2.3.4", "72a0e8855e2adc101459eac8454787cb74ab4169de6ca50f670e72142d4960e9", [:mix], [{:calendar, "~> 0.17", [hex: :calendar, repo: "hexpm", optional: true]}, {:crontab, "~> 1.1", [hex: :crontab, repo: "hexpm", optional: false]}, {:gen_stage, "~> 0.12", [hex: :gen_stage, repo: "hexpm", optional: false]}, {:swarm, "~> 3.3", [hex: :swarm, repo: "hexpm", optional: false]}, {:timex, "~> 3.1", [hex: :timex, repo: "hexpm", optional: true]}], "hexpm"},
  "scribe": {:hex, :scribe, "0.10.0", "90e61b21fee884f58b955d1f45d7fa3e75f161ecb62bad8af6087aef3955c74f", [:mix], [{:pane, "~> 0.2", [hex: :pane, repo: "hexpm", optional: false]}], "hexpm"},
  "ssl_verify_fun": {:hex, :ssl_verify_fun, "1.1.4", "f0eafff810d2041e93f915ef59899c923f4568f4585904d010387ed74988e77b", [:make, :mix, :rebar3], [], "hexpm"},
  "swarm": {:hex, :swarm, "3.4.0", "64f8b30055d74640d2186c66354b33b999438692a91be275bb89cdc7e401f448", [:mix], [{:gen_state_machine, "~> 2.0", [hex: :gen_state_machine, repo: "hexpm", optional: false]}, {:libring, "~> 1.0", [hex: :libring, repo: "hexpm", optional: false]}], "hexpm"},
  "telemetry": {:hex, :telemetry, "0.4.0", "8339bee3fa8b91cb84d14c2935f8ecf399ccd87301ad6da6b71c09553834b2ab", [:rebar3], [], "hexpm"},
  "timex": {:hex, :timex, "3.6.1", "efdf56d0e67a6b956cc57774353b0329c8ab7726766a11547e529357ffdc1d56", [:mix], [{:combine, "~> 0.10", [hex: :combine, repo: "hexpm", optional: false]}, {:gettext, "~> 0.10", [hex: :gettext, repo: "hexpm", optional: false]}, {:tzdata, "~> 0.1.8 or ~> 0.5 or ~> 1.0.0", [hex: :tzdata, repo: "hexpm", optional: false]}], "hexpm"},
  "tzdata": {:hex, :tzdata, "1.0.1", "f6027a331af7d837471248e62733c6ebee86a72e57c613aa071ebb1f750fc71a", [:mix], [{:hackney, "~> 1.0", [hex: :hackney, repo: "hexpm", optional: false]}], "hexpm"},
  "unicode_util_compat": {:hex, :unicode_util_compat, "0.4.1", "d869e4c68901dd9531385bb0c8c40444ebf624e60b6962d95952775cac5e90cd", [:rebar3], [], "hexpm"},
}
